
Microsoft Visual Studio Solution File, Format Version 12.00
# Visual Studio 15
VisualStudioVersion = 15.0.26730.15
MinimumVisualStudioVersion = 10.0.40219.1
Project("{FAE04EC0-301F-11D3-BF4B-00C04F79EFBC}") = "Lottery.Console", "Lottery.Console\Lottery.Console.csproj", "{3A610209-64F0-4E8E-83DC-D490921F5891}"
EndProject
Project("{FAE04EC0-301F-11D3-BF4B-00C04F79EFBC}") = "Lottery.Application", "Lottery.Application\Lottery.Application.csproj", "{53080877-B678-4798-B87F-FF45321D1DC9}"
EndProject
Project("{FAE04EC0-301F-11D3-BF4B-00C04F79EFBC}") = "Lottery.WebApi", "Lottery.WebApi\Lottery.WebApi.csproj", "{A8A36D54-9FFA-4FC4-AD92-D17CF1D594D8}"
EndProject
Project("{FAE04EC0-301F-11D3-BF4B-00C04F79EFBC}") = "Lottery.Angular", "Lottery.Angular\Lottery.Angular.csproj", "{24B6B337-2C78-42C2-9B7A-ECE34C2506C6}"
EndProject
Global
	GlobalSection(SolutionConfigurationPlatforms) = preSolution
		Debug|Any CPU = Debug|Any CPU
		Release|Any CPU = Release|Any CPU
	EndGlobalSection
	GlobalSection(ProjectConfigurationPlatforms) = postSolution
		{3A610209-64F0-4E8E-83DC-D490921F5891}.Debug|Any CPU.ActiveCfg = Debug|Any CPU
		{3A610209-64F0-4E8E-83DC-D490921F5891}.Debug|Any CPU.Build.0 = Debug|Any CPU
		{3A610209-64F0-4E8E-83DC-D490921F5891}.Release|Any CPU.ActiveCfg = Release|Any CPU
		{3A610209-64F0-4E8E-83DC-D490921F5891}.Release|Any CPU.Build.0 = Release|Any CPU
		{53080877-B678-4798-B87F-FF45321D1DC9}.Debug|Any CPU.ActiveCfg = Debug|Any CPU
		{53080877-B678-4798-B87F-FF45321D1DC9}.Debug|Any CPU.Build.0 = Debug|Any CPU
		{53080877-B678-4798-B87F-FF45321D1DC9}.Release|Any CPU.ActiveCfg = Release|Any CPU
		{53080877-B678-4798-B87F-FF45321D1DC9}.Release|Any CPU.Build.0 = Release|Any CPU
		{A8A36D54-9FFA-4FC4-AD92-D17CF1D594D8}.Debug|Any CPU.ActiveCfg = Debug|Any CPU
		{A8A36D54-9FFA-4FC4-AD92-D17CF1D594D8}.Debug|Any CPU.Build.0 = Debug|Any CPU
		{A8A36D54-9FFA-4FC4-AD92-D17CF1D594D8}.Release|Any CPU.ActiveCfg = Release|Any CPU
		{A8A36D54-9FFA-4FC4-AD92-D17CF1D594D8}.Release|Any CPU.Build.0 = Release|Any CPU
		{24B6B337-2C78-42C2-9B7A-ECE34C2506C6}.Debug|Any CPU.ActiveCfg = Debug|Any CPU
		{24B6B337-2C78-42C2-9B7A-ECE34C2506C6}.Debug|Any CPU.Build.0 = Debug|Any CPU
		{24B6B337-2C78-42C2-9B7A-ECE34C2506C6}.Release|Any CPU.ActiveCfg = Release|Any CPU
		{24B6B337-2C78-42C2-9B7A-ECE34C2506C6}.Release|Any CPU.Build.0 = Release|Any CPU
	EndGlobalSection
	GlobalSection(SolutionProperties) = preSolution
		HideSolutionNode = FALSE
	EndGlobalSection
	GlobalSection(ExtensibilityGlobals) = postSolution
		SolutionGuid = {CDD80D0A-8F74-4798-9D6D-F046DE51E399}
	EndGlobalSection
EndGlobal
